
Microsoft Visual Studio Solution File, Format Version 12.00
# Visual Studio 15
VisualStudioVersion = 15.0.27130.2027
MinimumVisualStudioVersion = 10.0.40219.1
Project("{FAE04EC0-301F-11D3-BF4B-00C04F79EFBC}") = "NumberGuesser", "NumberGuesser.csproj", "{C04DFC22-D067-42B1-86A8-2F77BD6962E0}"
EndProject
Global
	GlobalSection(SolutionConfigurationPlatforms) = preSolution
		Debug|Any CPU = Debug|Any CPU
		Release|Any CPU = Release|Any CPU
	EndGlobalSection
	GlobalSection(ProjectConfigurationPlatforms) = postSolution
		{C04DFC22-D067-42B1-86A8-2F77BD6962E0}.Debug|Any CPU.ActiveCfg = Debug|Any CPU
		{C04DFC22-D067-42B1-86A8-2F77BD6962E0}.Debug|Any CPU.Build.0 = Debug|Any CPU
		{C04DFC22-D067-42B1-86A8-2F77BD6962E0}.Release|Any CPU.ActiveCfg = Release|Any CPU
		{C04DFC22-D067-42B1-86A8-2F77BD6962E0}.Release|Any CPU.Build.0 = Release|Any CPU
	EndGlobalSection
	GlobalSection(SolutionProperties) = preSolution
		HideSolutionNode = FALSE
	EndGlobalSection
	GlobalSection(ExtensibilityGlobals) = postSolution
		SolutionGuid = {6BA770A0-869F-4C16-AFAE-569EA7978DBC}
	EndGlobalSection
EndGlobal
